// !$*UTF8*$!
{
	archiveVersion = 1;
	classes = {
	};
	objectVersion = 55;
	objects = {

/* Begin PBXBuildFile section */
		8A1F8D760198ECB87EA5500D /* Pods_ExAVPlayer.framework in Frameworks */ = {isa = PBXBuildFile; fileRef = 83827F7DB3D5DA2574A58B5F /* Pods_ExAVPlayer.framework */; };
		C6AC880C281B755F0005E2B6 /* MyAudioPlayerView.swift in Sources */ = {isa = PBXBuildFile; fileRef = C6AC880B281B755F0005E2B6 /* MyAudioPlayerView.swift */; };
		C6AC880E281B780E0005E2B6 /* Rx+Extension.swift in Sources */ = {isa = PBXBuildFile; fileRef = C6AC880D281B780E0005E2B6 /* Rx+Extension.swift */; };
		C6AC8832281B7CA80005E2B6 /* MyPlayerView.swift in Sources */ = {isa = PBXBuildFile; fileRef = C6AC8831281B7CA80005E2B6 /* MyPlayerView.swift */; };
		C6AC8834281B8FAC0005E2B6 /* MyAudioRecoderView.swift in Sources */ = {isa = PBXBuildFile; fileRef = C6AC8833281B8FAC0005E2B6 /* MyAudioRecoderView.swift */; };
		C6F73BF0281A72F200CF02B2 /* AppDelegate.swift in Sources */ = {isa = PBXBuildFile; fileRef = C6F73BEF281A72F200CF02B2 /* AppDelegate.swift */; };
		C6F73BF2281A72F200CF02B2 /* SceneDelegate.swift in Sources */ = {isa = PBXBuildFile; fileRef = C6F73BF1281A72F200CF02B2 /* SceneDelegate.swift */; };
		C6F73BF4281A72F200CF02B2 /* ViewController.swift in Sources */ = {isa = PBXBuildFile; fileRef = C6F73BF3281A72F200CF02B2 /* ViewController.swift */; };
		C6F73BF7281A72F200CF02B2 /* Main.storyboard in Resources */ = {isa = PBXBuildFile; fileRef = C6F73BF5281A72F200CF02B2 /* Main.storyboard */; };
		C6F73BF9281A72F300CF02B2 /* Assets.xcassets in Resources */ = {isa = PBXBuildFile; fileRef = C6F73BF8281A72F300CF02B2 /* Assets.xcassets */; };
		C6F73BFC281A72F300CF02B2 /* LaunchScreen.storyboard in Resources */ = {isa = PBXBuildFile; fileRef = C6F73BFA281A72F300CF02B2 /* LaunchScreen.storyboard */; };
/* End PBXBuildFile section */

/* Begin PBXFileReference section */
		042ECBEFE86C062E4C8E4326 /* Pods-ExAVPlayer.debug.xcconfig */ = {isa = PBXFileReference; includeInIndex = 1; lastKnownFileType = text.xcconfig; name = "Pods-ExAVPlayer.debug.xcconfig"; path = "Target Support Files/Pods-ExAVPlayer/Pods-ExAVPlayer.debug.xcconfig"; sourceTree = "<group>"; };
		83827F7DB3D5DA2574A58B5F /* Pods_ExAVPlayer.framework */ = {isa = PBXFileReference; explicitFileType = wrapper.framework; includeInIndex = 0; path = Pods_ExAVPlayer.framework; sourceTree = BUILT_PRODUCTS_DIR; };
		944A0E70AF4015380C49E851 /* Pods-ExAVPlayer.release.xcconfig */ = {isa = PBXFileReference; includeInIndex = 1; lastKnownFileType = text.xcconfig; name = "Pods-ExAVPlayer.release.xcconfig"; path = "Target Support Files/Pods-ExAVPlayer/Pods-ExAVPlayer.release.xcconfig"; sourceTree = "<group>"; };
		C6AC880B281B755F0005E2B6 /* MyAudioPlayerView.swift */ = {isa = PBXFileReference; lastKnownFileType = sourcecode.swift; path = MyAudioPlayerView.swift; sourceTree = "<group>"; };
		C6AC880D281B780E0005E2B6 /* Rx+Extension.swift */ = {isa = PBXFileReference; lastKnownFileType = sourcecode.swift; path = "Rx+Extension.swift"; sourceTree = "<group>"; };
		C6AC8831281B7CA80005E2B6 /* MyPlayerView.swift */ = {isa = PBXFileReference; lastKnownFileType = sourcecode.swift; path = MyPlayerView.swift; sourceTree = "<group>"; };
		C6AC8833281B8FAC0005E2B6 /* MyAudioRecoderView.swift */ = {isa = PBXFileReference; lastKnownFileType = sourcecode.swift; path = MyAudioRecoderView.swift; sourceTree = "<group>"; };
		C6F73BEC281A72F200CF02B2 /* ExAVPlayer.app */ = {isa = PBXFileReference; explicitFileType = wrapper.application; includeInIndex = 0; path = ExAVPlayer.app; sourceTree = BUILT_PRODUCTS_DIR; };
		C6F73BEF281A72F200CF02B2 /* AppDelegate.swift */ = {isa = PBXFileReference; lastKnownFileType = sourcecode.swift; path = AppDelegate.swift; sourceTree = "<group>"; };
		C6F73BF1281A72F200CF02B2 /* SceneDelegate.swift */ = {isa = PBXFileReference; lastKnownFileType = sourcecode.swift; path = SceneDelegate.swift; sourceTree = "<group>"; };
		C6F73BF3281A72F200CF02B2 /* ViewController.swift */ = {isa = PBXFileReference; lastKnownFileType = sourcecode.swift; path = ViewController.swift; sourceTree = "<group>"; };
		C6F73BF6281A72F200CF02B2 /* Base */ = {isa = PBXFileReference; lastKnownFileType = file.storyboard; name = Base; path = Base.lproj/Main.storyboard; sourceTree = "<group>"; };
		C6F73BF8281A72F300CF02B2 /* Assets.xcassets */ = {isa = PBXFileReference; lastKnownFileType = folder.assetcatalog; path = Assets.xcassets; sourceTree = "<group>"; };
		C6F73BFB281A72F300CF02B2 /* Base */ = {isa = PBXFileReference; lastKnownFileType = file.storyboard; name = Base; path = Base.lproj/LaunchScreen.storyboard; sourceTree = "<group>"; };
		C6F73BFD281A72F300CF02B2 /* Info.plist */ = {isa = PBXFileReference; lastKnownFileType = text.plist.xml; path = Info.plist; sourceTree = "<group>"; };
/* End PBXFileReference section */

/* Begin PBXFrameworksBuildPhase section */
		C6F73BE9281A72F200CF02B2 /* Frameworks */ = {
			isa = PBXFrameworksBuildPhase;
			buildActionMask = 2147483647;
			files = (
				8A1F8D760198ECB87EA5500D /* Pods_ExAVPlayer.framework in Frameworks */,
			);
			runOnlyForDeploymentPostprocessing = 0;
		};
/* End PBXFrameworksBuildPhase section */

/* Begin PBXGroup section */
		A7266AA08EC34A68E3DDCF2E /* Frameworks */ = {
			isa = PBXGroup;
			children = (
				83827F7DB3D5DA2574A58B5F /* Pods_ExAVPlayer.framework */,
			);
			name = Frameworks;
			sourceTree = "<group>";
		};
		BD216266C0C16FF374B151C6 /* Pods */ = {
			isa = PBXGroup;
			children = (
				042ECBEFE86C062E4C8E4326 /* Pods-ExAVPlayer.debug.xcconfig */,
				944A0E70AF4015380C49E851 /* Pods-ExAVPlayer.release.xcconfig */,
			);
			path = Pods;
			sourceTree = "<group>";
		};
		C6F73BE3281A72F200CF02B2 = {
			isa = PBXGroup;
			children = (
				C6F73BEE281A72F200CF02B2 /* ExAVPlayer */,
				C6F73BED281A72F200CF02B2 /* Products */,
				BD216266C0C16FF374B151C6 /* Pods */,
				A7266AA08EC34A68E3DDCF2E /* Frameworks */,
			);
			sourceTree = "<group>";
		};
		C6F73BED281A72F200CF02B2 /* Products */ = {
			isa = PBXGroup;
			children = (
				C6F73BEC281A72F200CF02B2 /* ExAVPlayer.app */,
			);
			name = Products;
			sourceTree = "<group>";
		};
		C6F73BEE281A72F200CF02B2 /* ExAVPlayer */ = {
			isa = PBXGroup;
			children = (
				C6F73BEF281A72F200CF02B2 /* AppDelegate.swift */,
				C6F73BF1281A72F200CF02B2 /* SceneDelegate.swift */,
				C6F73BF3281A72F200CF02B2 /* ViewController.swift */,
				C6AC880B281B755F0005E2B6 /* MyAudioPlayerView.swift */,
				C6AC8833281B8FAC0005E2B6 /* MyAudioRecoderView.swift */,
				C6AC8831281B7CA80005E2B6 /* MyPlayerView.swift */,
				C6AC880D281B780E0005E2B6 /* Rx+Extension.swift */,
				C6F73BF5281A72F200CF02B2 /* Main.storyboard */,
				C6F73BF8281A72F300CF02B2 /* Assets.xcassets */,
				C6F73BFA281A72F300CF02B2 /* LaunchScreen.storyboard */,
				C6F73BFD281A72F300CF02B2 /* Info.plist */,
			);
			path = ExAVPlayer;
			sourceTree = "<group>";
		};
/* End PBXGroup section */

/* Begin PBXNativeTarget section */
		C6F73BEB281A72F200CF02B2 /* ExAVPlayer */ = {
			isa = PBXNativeTarget;
			buildConfigurationList = C6F73C00281A72F300CF02B2 /* Build configuration list for PBXNativeTarget "ExAVPlayer" */;
			buildPhases = (
				C78E250ABC4288CF4106D493 /* [CP] Check Pods Manifest.lock */,
				C6F73BE8281A72F200CF02B2 /* Sources */,
				C6F73BE9281A72F200CF02B2 /* Frameworks */,
				C6F73BEA281A72F200CF02B2 /* Resources */,
				698DBE54C4E51FA49407CC5C /* [CP] Embed Pods Frameworks */,
			);
			buildRules = (
			);
			dependencies = (
			);
			name = ExAVPlayer;
			productName = ExAVPlayer;
			productReference = C6F73BEC281A72F200CF02B2 /* ExAVPlayer.app */;
			productType = "com.apple.product-type.application";
		};
/* End PBXNativeTarget section */

/* Begin PBXProject section */
		C6F73BE4281A72F200CF02B2 /* Project object */ = {
			isa = PBXProject;
			attributes = {
				BuildIndependentTargetsInParallel = 1;
				LastSwiftUpdateCheck = 1330;
				LastUpgradeCheck = 1330;
				TargetAttributes = {
					C6F73BEB281A72F200CF02B2 = {
						CreatedOnToolsVersion = 13.3;
					};
				};
			};
			buildConfigurationList = C6F73BE7281A72F200CF02B2 /* Build configuration list for PBXProject "ExAVPlayer" */;
			compatibilityVersion = "Xcode 13.0";
			developmentRegion = en;
			hasScannedForEncodings = 0;
			knownRegions = (
				en,
				Base,
			);
			mainGroup = C6F73BE3281A72F200CF02B2;
			productRefGroup = C6F73BED281A72F200CF02B2 /* Products */;
			projectDirPath = "";
			projectRoot = "";
			targets = (
				C6F73BEB281A72F200CF02B2 /* ExAVPlayer */,
			);
		};
/* End PBXProject section */

/* Begin PBXResourcesBuildPhase section */
		C6F73BEA281A72F200CF02B2 /* Resources */ = {
			isa = PBXResourcesBuildPhase;
			buildActionMask = 2147483647;
			files = (
				C6F73BFC281A72F300CF02B2 /* LaunchScreen.storyboard in Resources */,
				C6F73BF9281A72F300CF02B2 /* Assets.xcassets in Resources */,
				C6F73BF7281A72F200CF02B2 /* Main.storyboard in Resources */,
			);
			runOnlyForDeploymentPostprocessing = 0;
		};
/* End PBXResourcesBuildPhase section */

/* Begin PBXShellScriptBuildPhase section */
		698DBE54C4E51FA49407CC5C /* [CP] Embed Pods Frameworks */ = {
			isa = PBXShellScriptBuildPhase;
			buildActionMask = 2147483647;
			files = (
			);
			inputFileListPaths = (
				"${PODS_ROOT}/Target Support Files/Pods-ExAVPlayer/Pods-ExAVPlayer-frameworks-${CONFIGURATION}-input-files.xcfilelist",
			);
			name = "[CP] Embed Pods Frameworks";
			outputFileListPaths = (
				"${PODS_ROOT}/Target Support Files/Pods-ExAVPlayer/Pods-ExAVPlayer-frameworks-${CONFIGURATION}-output-files.xcfilelist",
			);
			runOnlyForDeploymentPostprocessing = 0;
			shellPath = /bin/sh;
			shellScript = "\"${PODS_ROOT}/Target Support Files/Pods-ExAVPlayer/Pods-ExAVPlayer-frameworks.sh\"\n";
			showEnvVarsInLog = 0;
		};
		C78E250ABC4288CF4106D493 /* [CP] Check Pods Manifest.lock */ = {
			isa = PBXShellScriptBuildPhase;
			buildActionMask = 2147483647;
			files = (
			);
			inputFileListPaths = (
			);
			inputPaths = (
				"${PODS_PODFILE_DIR_PATH}/Podfile.lock",
				"${PODS_ROOT}/Manifest.lock",
			);
			name = "[CP] Check Pods Manifest.lock";
			outputFileListPaths = (
			);
			outputPaths = (
				"$(DERIVED_FILE_DIR)/Pods-ExAVPlayer-checkManifestLockResult.txt",
			);
			runOnlyForDeploymentPostprocessing = 0;
			shellPath = /bin/sh;
			shellScript = "diff \"${PODS_PODFILE_DIR_PATH}/Podfile.lock\" \"${PODS_ROOT}/Manifest.lock\" > /dev/null\nif [ $? != 0 ] ; then\n    # print error to STDERR\n    echo \"error: The sandbox is not in sync with the Podfile.lock. Run 'pod install' or update your CocoaPods installation.\" >&2\n    exit 1\nfi\n# This output is used by Xcode 'outputs' to avoid re-running this script phase.\necho \"SUCCESS\" > \"${SCRIPT_OUTPUT_FILE_0}\"\n";
			showEnvVarsInLog = 0;
		};
/* End PBXShellScriptBuildPhase section */

/* Begin PBXSourcesBuildPhase section */
		C6F73BE8281A72F200CF02B2 /* Sources */ = {
			isa = PBXSourcesBuildPhase;
			buildActionMask = 2147483647;
			files = (
				C6F73BF4281A72F200CF02B2 /* ViewController.swift in Sources */,
				C6AC8834281B8FAC0005E2B6 /* MyAudioRecoderView.swift in Sources */,
				C6F73BF0281A72F200CF02B2 /* AppDelegate.swift in Sources */,
				C6F73BF2281A72F200CF02B2 /* SceneDelegate.swift in Sources */,
				C6AC8832281B7CA80005E2B6 /* MyPlayerView.swift in Sources */,
				C6AC880E281B780E0005E2B6 /* Rx+Extension.swift in Sources */,
				C6AC880C281B755F0005E2B6 /* MyAudioPlayerView.swift in Sources */,
			);
			runOnlyForDeploymentPostprocessing = 0;
		};
/* End PBXSourcesBuildPhase section */

/* Begin PBXVariantGroup section */
		C6F73BF5281A72F200CF02B2 /* Main.storyboard */ = {
			isa = PBXVariantGroup;
			children = (
				C6F73BF6281A72F200CF02B2 /* Base */,
			);
			name = Main.storyboard;
			sourceTree = "<group>";
		};
		C6F73BFA281A72F300CF02B2 /* LaunchScreen.storyboard */ = {
			isa = PBXVariantGroup;
			children = (
				C6F73BFB281A72F300CF02B2 /* Base */,
			);
			name = LaunchScreen.storyboard;
			sourceTree = "<group>";
		};
/* End PBXVariantGroup section */

/* Begin XCBuildConfiguration section */
		C6F73BFE281A72F300CF02B2 /* Debug */ = {
			isa = XCBuildConfiguration;
			buildSettings = {
				ALWAYS_SEARCH_USER_PATHS = NO;
				CLANG_ANALYZER_NONNULL = YES;
				CLANG_ANALYZER_NUMBER_OBJECT_CONVERSION = YES_AGGRESSIVE;
				CLANG_CXX_LANGUAGE_STANDARD = "gnu++17";
				CLANG_ENABLE_MODULES = YES;
				CLANG_ENABLE_OBJC_ARC = YES;
				CLANG_ENABLE_OBJC_WEAK = YES;
				CLANG_WARN_BLOCK_CAPTURE_AUTORELEASING = YES;
				CLANG_WARN_BOOL_CONVERSION = YES;
				CLANG_WARN_COMMA = YES;
				CLANG_WARN_CONSTANT_CONVERSION = YES;
				CLANG_WARN_DEPRECATED_OBJC_IMPLEMENTATIONS = YES;
				CLANG_WARN_DIRECT_OBJC_ISA_USAGE = YES_ERROR;
				CLANG_WARN_DOCUMENTATION_COMMENTS = YES;
				CLANG_WARN_EMPTY_BODY = YES;
				CLANG_WARN_ENUM_CONVERSION = YES;
				CLANG_WARN_INFINITE_RECURSION = YES;
				CLANG_WARN_INT_CONVERSION = YES;
				CLANG_WARN_NON_LITERAL_NULL_CONVERSION = YES;
				CLANG_WARN_OBJC_IMPLICIT_RETAIN_SELF = YES;
				CLANG_WARN_OBJC_LITERAL_CONVERSION = YES;
				CLANG_WARN_OBJC_ROOT_CLASS = YES_ERROR;
				CLANG_WARN_QUOTED_INCLUDE_IN_FRAMEWORK_HEADER = YES;
				CLANG_WARN_RANGE_LOOP_ANALYSIS = YES;
				CLANG_WARN_STRICT_PROTOTYPES = YES;
				CLANG_WARN_SUSPICIOUS_MOVE = YES;
				CLANG_WARN_UNGUARDED_AVAILABILITY = YES_AGGRESSIVE;
				CLANG_WARN_UNREACHABLE_CODE = YES;
				CLANG_WARN__DUPLICATE_METHOD_MATCH = YES;
				COPY_PHASE_STRIP = NO;
				DEBUG_INFORMATION_FORMAT = dwarf;
				ENABLE_STRICT_OBJC_MSGSEND = YES;
				ENABLE_TESTABILITY = YES;
				GCC_C_LANGUAGE_STANDARD = gnu11;
				GCC_DYNAMIC_NO_PIC = NO;
				GCC_NO_COMMON_BLOCKS = YES;
				GCC_OPTIMIZATION_LEVEL = 0;
				GCC_PREPROCESSOR_DEFINITIONS = (
					"DEBUG=1",
					"$(inherited)",
				);
				GCC_WARN_64_TO_32_BIT_CONVERSION = YES;
				GCC_WARN_ABOUT_RETURN_TYPE = YES_ERROR;
				GCC_WARN_UNDECLARED_SELECTOR = YES;
				GCC_WARN_UNINITIALIZED_AUTOS = YES_AGGRESSIVE;
				GCC_WARN_UNUSED_FUNCTION = YES;
				GCC_WARN_UNUSED_VARIABLE = YES;
				IPHONEOS_DEPLOYMENT_TARGET = 15.4;
				MTL_ENABLE_DEBUG_INFO = INCLUDE_SOURCE;
				MTL_FAST_MATH = YES;
				ONLY_ACTIVE_ARCH = YES;
				SDKROOT = iphoneos;
				SWIFT_ACTIVE_COMPILATION_CONDITIONS = DEBUG;
				SWIFT_OPTIMIZATION_LEVEL = "-Onone";
			};
			name = Debug;
		};
		C6F73BFF281A72F300CF02B2 /* Release */ = {
			isa = XCBuildConfiguration;
			buildSettings = {
				ALWAYS_SEARCH_USER_PATHS = NO;
				CLANG_ANALYZER_NONNULL = YES;
				CLANG_ANALYZER_NUMBER_OBJECT_CONVERSION = YES_AGGRESSIVE;
				CLANG_CXX_LANGUAGE_STANDARD = "gnu++17";
				CLANG_ENABLE_MODULES = YES;
				CLANG_ENABLE_OBJC_ARC = YES;
				CLANG_ENABLE_OBJC_WEAK = YES;
				CLANG_WARN_BLOCK_CAPTURE_AUTORELEASING = YES;
				CLANG_WARN_BOOL_CONVERSION = YES;
				CLANG_WARN_COMMA = YES;
				CLANG_WARN_CONSTANT_CONVERSION = YES;
				CLANG_WARN_DEPRECATED_OBJC_IMPLEMENTATIONS = YES;
				CLANG_WARN_DIRECT_OBJC_ISA_USAGE = YES_ERROR;
				CLANG_WARN_DOCUMENTATION_COMMENTS = YES;
				CLANG_WARN_EMPTY_BODY = YES;
				CLANG_WARN_ENUM_CONVERSION = YES;
				CLANG_WARN_INFINITE_RECURSION = YES;
				CLANG_WARN_INT_CONVERSION = YES;
				CLANG_WARN_NON_LITERAL_NULL_CONVERSION = YES;
				CLANG_WARN_OBJC_IMPLICIT_RETAIN_SELF = YES;
				CLANG_WARN_OBJC_LITERAL_CONVERSION = YES;
				CLANG_WARN_OBJC_ROOT_CLASS = YES_ERROR;
				CLANG_WARN_QUOTED_INCLUDE_IN_FRAMEWORK_HEADER = YES;
				CLANG_WARN_RANGE_LOOP_ANALYSIS = YES;
				CLANG_WARN_STRICT_PROTOTYPES = YES;
				CLANG_WARN_SUSPICIOUS_MOVE = YES;
				CLANG_WARN_UNGUARDED_AVAILABILITY = YES_AGGRESSIVE;
				CLANG_WARN_UNREACHABLE_CODE = YES;
				CLANG_WARN__DUPLICATE_METHOD_MATCH = YES;
				COPY_PHASE_STRIP = NO;
				DEBUG_INFORMATION_FORMAT = "dwarf-with-dsym";
				ENABLE_NS_ASSERTIONS = NO;
				ENABLE_STRICT_OBJC_MSGSEND = YES;
				GCC_C_LANGUAGE_STANDARD = gnu11;
				GCC_NO_COMMON_BLOCKS = YES;
				GCC_WARN_64_TO_32_BIT_CONVERSION = YES;
				GCC_WARN_ABOUT_RETURN_TYPE = YES_ERROR;
				GCC_WARN_UNDECLARED_SELECTOR = YES;
				GCC_WARN_UNINITIALIZED_AUTOS = YES_AGGRESSIVE;
				GCC_WARN_UNUSED_FUNCTION = YES;
				GCC_WARN_UNUSED_VARIABLE = YES;
				IPHONEOS_DEPLOYMENT_TARGET = 15.4;
				MTL_ENABLE_DEBUG_INFO = NO;
				MTL_FAST_MATH = YES;
				SDKROOT = iphoneos;
				SWIFT_COMPILATION_MODE = wholemodule;
				SWIFT_OPTIMIZATION_LEVEL = "-O";
				VALIDATE_PRODUCT = YES;
			};
			name = Release;
		};
		C6F73C01281A72F300CF02B2 /* Debug */ = {
			isa = XCBuildConfiguration;
			baseConfigurationReference = 042ECBEFE86C062E4C8E4326 /* Pods-ExAVPlayer.debug.xcconfig */;
			buildSettings = {
				ASSETCATALOG_COMPILER_APPICON_NAME = AppIcon;
				ASSETCATALOG_COMPILER_GLOBAL_ACCENT_COLOR_NAME = AccentColor;
				CODE_SIGN_STYLE = Automatic;
				CURRENT_PROJECT_VERSION = 1;
				DEVELOPMENT_TEAM = V99UMBT63A;
				GENERATE_INFOPLIST_FILE = YES;
				INFOPLIST_FILE = ExAVPlayer/Info.plist;
				INFOPLIST_KEY_UIApplicationSupportsIndirectInputEvents = YES;
				INFOPLIST_KEY_UILaunchStoryboardName = LaunchScreen;
				INFOPLIST_KEY_UIMainStoryboardFile = Main;
				INFOPLIST_KEY_UISupportedInterfaceOrientations_iPad = "UIInterfaceOrientationPortrait UIInterfaceOrientationPortraitUpsideDown UIInterfaceOrientationLandscapeLeft UIInterfaceOrientationLandscapeRight";
				INFOPLIST_KEY_UISupportedInterfaceOrientations_iPhone = "UIInterfaceOrientationPortrait UIInterfaceOrientationLandscapeLeft UIInterfaceOrientationLandscapeRight";
				LD_RUNPATH_SEARCH_PATHS = (
					"$(inherited)",
					"@executable_path/Frameworks",
				);
				MARKETING_VERSION = 1.0;
				PRODUCT_BUNDLE_IDENTIFIER = com.ExAVPlayer;
				PRODUCT_NAME = "$(TARGET_NAME)";
				SWIFT_EMIT_LOC_STRINGS = YES;
				SWIFT_VERSION = 5.0;
				TARGETED_DEVICE_FAMILY = "1,2";
			};
			name = Debug;
		};
		C6F73C02281A72F300CF02B2 /* Release */ = {
			isa = XCBuildConfiguration;
			baseConfigurationReference = 944A0E70AF4015380C49E851 /* Pods-ExAVPlayer.release.xcconfig */;
			buildSettings = {
				ASSETCATALOG_COMPILER_APPICON_NAME = AppIcon;
				ASSETCATALOG_COMPILER_GLOBAL_ACCENT_COLOR_NAME = AccentColor;
				CODE_SIGN_STYLE = Automatic;
				CURRENT_PROJECT_VERSION = 1;
				DEVELOPMENT_TEAM = V99UMBT63A;
				GENERATE_INFOPLIST_FILE = YES;
				INFOPLIST_FILE = ExAVPlayer/Info.plist;
				INFOPLIST_KEY_UIApplicationSupportsIndirectInputEvents = YES;
				INFOPLIST_KEY_UILaunchStoryboardName = LaunchScreen;
				INFOPLIST_KEY_UIMainStoryboardFile = Main;
				INFOPLIST_KEY_UISupportedInterfaceOrientations_iPad = "UIInterfaceOrientationPortrait UIInterfaceOrientationPortraitUpsideDown UIInterfaceOrientationLandscapeLeft UIInterfaceOrientationLandscapeRight";
				INFOPLIST_KEY_UISupportedInterfaceOrientations_iPhone = "UIInterfaceOrientationPortrait UIInterfaceOrientationLandscapeLeft UIInterfaceOrientationLandscapeRight";
				LD_RUNPATH_SEARCH_PATHS = (
					"$(inherited)",
					"@executable_path/Frameworks",
				);
				MARKETING_VERSION = 1.0;
				PRODUCT_BUNDLE_IDENTIFIER = com.ExAVPlayer;
				PRODUCT_NAME = "$(TARGET_NAME)";
				SWIFT_EMIT_LOC_STRINGS = YES;
				SWIFT_VERSION = 5.0;
				TARGETED_DEVICE_FAMILY = "1,2";
			};
			name = Release;
		};
/* End XCBuildConfiguration section */

/* Begin XCConfigurationList section */
		C6F73BE7281A72F200CF02B2 /* Build configuration list for PBXProject "ExAVPlayer" */ = {
			isa = XCConfigurationList;
			buildConfigurations = (
				C6F73BFE281A72F300CF02B2 /* Debug */,
				C6F73BFF281A72F300CF02B2 /* Release */,
			);
			defaultConfigurationIsVisible = 0;
			defaultConfigurationName = Release;
		};
		C6F73C00281A72F300CF02B2 /* Build configuration list for PBXNativeTarget "ExAVPlayer" */ = {
			isa = XCConfigurationList;
			buildConfigurations = (
				C6F73C01281A72F300CF02B2 /* Debug */,
				C6F73C02281A72F300CF02B2 /* Release */,
			);
			defaultConfigurationIsVisible = 0;
			defaultConfigurationName = Release;
		};
/* End XCConfigurationList section */
	};
	rootObject = C6F73BE4281A72F200CF02B2 /* Project object */;
}
